// !$*UTF8*$!
{
	archiveVersion = 1;
	classes = {
	};
	objectVersion = 45;
	objects = {

/* Begin PBXBuildFile section */
		5618F46813F4894D007BA885 /* bg.png in Resources */ = {isa = PBXBuildFile; fileRef = 5618F45B13F4894D007BA885 /* bg.png */; };
		5618F46913F4894D007BA885 /* bg2.png in Resources */ = {isa = PBXBuildFile; fileRef = 5618F45C13F4894D007BA885 /* bg2.png */; };
		5618F46A13F4894D007BA885 /* cursor.png in Resources */ = {isa = PBXBuildFile; fileRef = 5618F45D13F4894D007BA885 /* cursor.png */; };
		5618F46B13F4894D007BA885 /* font1.fnt in Resources */ = {isa = PBXBuildFile; fileRef = 5618F45E13F4894D007BA885 /* font1.fnt */; };
		5618F46C13F4894D007BA885 /* font1.png in Resources */ = {isa = PBXBuildFile; fileRef = 5618F45F13F4894D007BA885 /* font1.png */; };
		5618F46D13F4894D007BA885 /* font2.fnt in Resources */ = {isa = PBXBuildFile; fileRef = 5618F46013F4894D007BA885 /* font2.fnt */; };
		5618F46E13F4894D007BA885 /* font2.png in Resources */ = {isa = PBXBuildFile; fileRef = 5618F46113F4894D007BA885 /* font2.png */; };
		5618F46F13F4894D007BA885 /* menu.wav in Resources */ = {isa = PBXBuildFile; fileRef = 5618F46213F4894D007BA885 /* menu.wav */; };
		5618F47013F4894D007BA885 /* objects.png in Resources */ = {isa = PBXBuildFile; fileRef = 5618F46313F4894D007BA885 /* objects.png */; };
		5618F47113F4894D007BA885 /* particles.png in Resources */ = {isa = PBXBuildFile; fileRef = 5618F46413F4894D007BA885 /* particles.png */; };
		5618F47213F4894D007BA885 /* texture.jpg in Resources */ = {isa = PBXBuildFile; fileRef = 5618F46513F4894D007BA885 /* texture.jpg */; };
		5618F47313F4894D007BA885 /* trail.psi in Resources */ = {isa = PBXBuildFile; fileRef = 5618F46613F4894D007BA885 /* trail.psi */; };
		5618F47413F4894D007BA885 /* zazaka.png in Resources */ = {isa = PBXBuildFile; fileRef = 5618F46713F4894D007BA885 /* zazaka.png */; };
		563D5F8B11ADB76A00ED57C4 /* OpenGL.framework in Frameworks */ = {isa = PBXBuildFile; fileRef = 563D5F8A11ADB76A00ED57C4 /* OpenGL.framework */; };
		5676C04F14006262007CFD38 /* libzlib.a in Frameworks */ = {isa = PBXBuildFile; fileRef = 5676C04E14006262007CFD38 /* libzlib.a */; };
		56A58EC913FDAF9F00C081BE /* libbass.dylib in Frameworks */ = {isa = PBXBuildFile; fileRef = 56A58EC813FDAF9F00C081BE /* libbass.dylib */; };
		56A58ECB13FDAFA000C081BE /* libhgecore.a in Frameworks */ = {isa = PBXBuildFile; fileRef = 56A58ECA13FDAFA000C081BE /* libhgecore.a */; };
		56A58ECD13FDAFA000C081BE /* libhgehelp.a in Frameworks */ = {isa = PBXBuildFile; fileRef = 56A58ECC13FDAFA000C081BE /* libhgehelp.a */; };
		56A58ECF13FDAFB200C081BE /* libbass.dylib in CopyFiles */ = {isa = PBXBuildFile; fileRef = 56A58EC813FDAF9F00C081BE /* libbass.dylib */; };
		8D11072B0486CEB800E47090 /* InfoPlist.strings in Resources */ = {isa = PBXBuildFile; fileRef = 089C165CFE840E0CC02AAC07 /* InfoPlist.strings */; };
		8D11072D0486CEB800E47090 /* main.mm in Sources */ = {isa = PBXBuildFile; fileRef = 29B97316FDCFA39411CA2CEA /* main.mm */; settings = {ATTRIBUTES = (); }; };
		8D11072F0486CEB800E47090 /* Cocoa.framework in Frameworks */ = {isa = PBXBuildFile; fileRef = 1058C7A1FEA54F0111CA2CBB /* Cocoa.framework */; };
/* End PBXBuildFile section */

/* Begin PBXCopyFilesBuildPhase section */
		56A58EE613FDAFC400C081BE /* CopyFiles */ = {
			isa = PBXCopyFilesBuildPhase;
			buildActionMask = 2147483647;
			dstPath = "";
			dstSubfolderSpec = 6;
			files = (
				56A58ECF13FDAFB200C081BE /* libbass.dylib in CopyFiles */,
			);
			runOnlyForDeploymentPostprocessing = 0;
		};
/* End PBXCopyFilesBuildPhase section */

/* Begin PBXFileReference section */
		089C165DFE840E0CC02AAC07 /* English */ = {isa = PBXFileReference; fileEncoding = 4; lastKnownFileType = text.plist.strings; name = English; path = English.lproj/InfoPlist.strings; sourceTree = "<group>"; };
		1058C7A1FEA54F0111CA2CBB /* Cocoa.framework */ = {isa = PBXFileReference; lastKnownFileType = wrapper.framework; name = Cocoa.framework; path = /System/Library/Frameworks/Cocoa.framework; sourceTree = "<absolute>"; };
		13E42FB307B3F0F600E4EEF1 /* CoreData.framework */ = {isa = PBXFileReference; lastKnownFileType = wrapper.framework; name = CoreData.framework; path = /System/Library/Frameworks/CoreData.framework; sourceTree = "<absolute>"; };
		256AC3F00F4B6AF500CF3369 /* tutorial01_Prefix.pch */ = {isa = PBXFileReference; fileEncoding = 4; lastKnownFileType = sourcecode.c.h; path = tutorial01_Prefix.pch; sourceTree = "<group>"; };
		29B97316FDCFA39411CA2CEA /* main.mm */ = {isa = PBXFileReference; fileEncoding = 4; lastKnownFileType = sourcecode.cpp.objcpp; path = main.mm; sourceTree = "<group>"; };
		29B97324FDCFA39411CA2CEA /* AppKit.framework */ = {isa = PBXFileReference; lastKnownFileType = wrapper.framework; name = AppKit.framework; path = /System/Library/Frameworks/AppKit.framework; sourceTree = "<absolute>"; };
		29B97325FDCFA39411CA2CEA /* Foundation.framework */ = {isa = PBXFileReference; lastKnownFileType = wrapper.framework; name = Foundation.framework; path = /System/Library/Frameworks/Foundation.framework; sourceTree = "<absolute>"; };
		5618F45B13F4894D007BA885 /* bg.png */ = {isa = PBXFileReference; lastKnownFileType = image.png; name = bg.png; path = ../../Data/bg.png; sourceTree = SOURCE_ROOT; };
		5618F45C13F4894D007BA885 /* bg2.png */ = {isa = PBXFileReference; lastKnownFileType = image.png; name = bg2.png; path = ../../Data/bg2.png; sourceTree = SOURCE_ROOT; };
		5618F45D13F4894D007BA885 /* cursor.png */ = {isa = PBXFileReference; lastKnownFileType = image.png; name = cursor.png; path = ../../Data/cursor.png; sourceTree = SOURCE_ROOT; };
		5618F45E13F4894D007BA885 /* font1.fnt */ = {isa = PBXFileReference; fileEncoding = 4; lastKnownFileType = text; name = font1.fnt; path = ../../Data/font1.fnt; sourceTree = SOURCE_ROOT; };
		5618F45F13F4894D007BA885 /* font1.png */ = {isa = PBXFileReference; lastKnownFileType = image.png; name = font1.png; path = ../../Data/font1.png; sourceTree = SOURCE_ROOT; };
		5618F46013F4894D007BA885 /* font2.fnt */ = {isa = PBXFileReference; fileEncoding = 4; lastKnownFileType = text; name = font2.fnt; path = ../../Data/font2.fnt; sourceTree = SOURCE_ROOT; };
		5618F46113F4894D007BA885 /* font2.png */ = {isa = PBXFileReference; lastKnownFileType = image.png; name = font2.png; path = ../../Data/font2.png; sourceTree = SOURCE_ROOT; };
		5618F46213F4894D007BA885 /* menu.wav */ = {isa = PBXFileReference; lastKnownFileType = audio.wav; name = menu.wav; path = ../../Data/menu.wav; sourceTree = SOURCE_ROOT; };
		5618F46313F4894D007BA885 /* objects.png */ = {isa = PBXFileReference; lastKnownFileType = image.png; name = objects.png; path = ../../Data/objects.png; sourceTree = SOURCE_ROOT; };
		5618F46413F4894D007BA885 /* particles.png */ = {isa = PBXFileReference; lastKnownFileType = image.png; name = particles.png; path = ../../Data/particles.png; sourceTree = SOURCE_ROOT; };
		5618F46513F4894D007BA885 /* texture.jpg */ = {isa = PBXFileReference; lastKnownFileType = image.jpeg; name = texture.jpg; path = ../../Data/texture.jpg; sourceTree = SOURCE_ROOT; };
		5618F46613F4894D007BA885 /* trail.psi */ = {isa = PBXFileReference; lastKnownFileType = file; name = trail.psi; path = ../../Data/trail.psi; sourceTree = SOURCE_ROOT; };
		5618F46713F4894D007BA885 /* zazaka.png */ = {isa = PBXFileReference; lastKnownFileType = image.png; name = zazaka.png; path = ../../Data/zazaka.png; sourceTree = SOURCE_ROOT; };
		563D5F8A11ADB76A00ED57C4 /* OpenGL.framework */ = {isa = PBXFileReference; lastKnownFileType = wrapper.framework; name = OpenGL.framework; path = System/Library/Frameworks/OpenGL.framework; sourceTree = SDKROOT; };
		5676C04E14006262007CFD38 /* libzlib.a */ = {isa = PBXFileReference; lastKnownFileType = archive.ar; name = libzlib.a; path = ../../../lib/OSX/libzlib.a; sourceTree = SOURCE_ROOT; };
		56A58EC813FDAF9F00C081BE /* libbass.dylib */ = {isa = PBXFileReference; lastKnownFileType = "compiled.mach-o.dylib"; name = libbass.dylib; path = ../../../lib/OSX/libbass.dylib; sourceTree = SOURCE_ROOT; };
		56A58ECA13FDAFA000C081BE /* libhgecore.a */ = {isa = PBXFileReference; lastKnownFileType = archive.ar; name = libhgecore.a; path = ../../../lib/OSX/libhgecore.a; sourceTree = SOURCE_ROOT; };
		56A58ECC13FDAFA000C081BE /* libhgehelp.a */ = {isa = PBXFileReference; lastKnownFileType = archive.ar; name = libhgehelp.a; path = ../../../lib/OSX/libhgehelp.a; sourceTree = SOURCE_ROOT; };
		56BE54A211DDB708004C93F2 /* libhgehelp.a */ = {isa = PBXFileReference; lastKnownFileType = archive.ar; name = libhgehelp.a; path = /Volumes/MacData/Work/hge181/lib/OSX/libhgehelp.a; sourceTree = "<absolute>"; };
		8D1107310486CEB800E47090 /* tutorial01-Info.plist */ = {isa = PBXFileReference; fileEncoding = 4; lastKnownFileType = text.plist.xml; path = "tutorial01-Info.plist"; sourceTree = "<group>"; };
		8D1107320486CEB800E47090 /* tutorial01.app */ = {isa = PBXFileReference; explicitFileType = wrapper.application; includeInIndex = 0; path = tutorial01.app; sourceTree = BUILT_PRODUCTS_DIR; };
/* End PBXFileReference section */

/* Begin PBXFrameworksBuildPhase section */
		8D11072E0486CEB800E47090 /* Frameworks */ = {
			isa = PBXFrameworksBuildPhase;
			buildActionMask = 2147483647;
			files = (
				8D11072F0486CEB800E47090 /* Cocoa.framework in Frameworks */,
				563D5F8B11ADB76A00ED57C4 /* OpenGL.framework in Frameworks */,
				56A58EC913FDAF9F00C081BE /* libbass.dylib in Frameworks */,
				56A58ECB13FDAFA000C081BE /* libhgecore.a in Frameworks */,
				56A58ECD13FDAFA000C081BE /* libhgehelp.a in Frameworks */,
				5676C04F14006262007CFD38 /* libzlib.a in Frameworks */,
			);
			runOnlyForDeploymentPostprocessing = 0;
		};
/* End PBXFrameworksBuildPhase section */

/* Begin PBXGroup section */
		1058C7A0FEA54F0111CA2CBB /* Linked Frameworks */ = {
			isa = PBXGroup;
			children = (
				1058C7A1FEA54F0111CA2CBB /* Cocoa.framework */,
			);
			name = "Linked Frameworks";
			sourceTree = "<group>";
		};
		1058C7A2FEA54F0111CA2CBB /* Other Frameworks */ = {
			isa = PBXGroup;
			children = (
				563D5F8A11ADB76A00ED57C4 /* OpenGL.framework */,
				29B97324FDCFA39411CA2CEA /* AppKit.framework */,
				13E42FB307B3F0F600E4EEF1 /* CoreData.framework */,
				29B97325FDCFA39411CA2CEA /* Foundation.framework */,
			);
			name = "Other Frameworks";
			sourceTree = "<group>";
		};
		19C28FACFE9D520D11CA2CBB /* Products */ = {
			isa = PBXGroup;
			children = (
				8D1107320486CEB800E47090 /* tutorial01.app */,
			);
			name = Products;
			sourceTree = "<group>";
		};
		29B97314FDCFA39411CA2CEA /* tutorial01 */ = {
			isa = PBXGroup;
			children = (
				29B97315FDCFA39411CA2CEA /* Other Sources */,
				29B97317FDCFA39411CA2CEA /* Resources */,
				29B97323FDCFA39411CA2CEA /* Frameworks */,
				19C28FACFE9D520D11CA2CBB /* Products */,
				56A58EC813FDAF9F00C081BE /* libbass.dylib */,
				56A58ECA13FDAFA000C081BE /* libhgecore.a */,
				56A58ECC13FDAFA000C081BE /* libhgehelp.a */,
				5676C04E14006262007CFD38 /* libzlib.a */,
			);
			name = tutorial01;
			sourceTree = "<group>";
		};
		29B97315FDCFA39411CA2CEA /* Other Sources */ = {
			isa = PBXGroup;
			children = (
				256AC3F00F4B6AF500CF3369 /* tutorial01_Prefix.pch */,
				29B97316FDCFA39411CA2CEA /* main.mm */,
			);
			name = "Other Sources";
			sourceTree = "<group>";
		};
		29B97317FDCFA39411CA2CEA /* Resources */ = {
			isa = PBXGroup;
			children = (
				5618F45A13F4894D007BA885 /* Data */,
				8D1107310486CEB800E47090 /* tutorial01-Info.plist */,
				089C165CFE840E0CC02AAC07 /* InfoPlist.strings */,
			);
			name = Resources;
			sourceTree = "<group>";
		};
		29B97323FDCFA39411CA2CEA /* Frameworks */ = {
			isa = PBXGroup;
			children = (
				1058C7A0FEA54F0111CA2CBB /* Linked Frameworks */,
				1058C7A2FEA54F0111CA2CBB /* Other Frameworks */,
				56BE54A211DDB708004C93F2 /* libhgehelp.a */,
			);
			name = Frameworks;
			sourceTree = "<group>";
		};
		5618F45A13F4894D007BA885 /* Data */ = {
			isa = PBXGroup;
			children = (
				5618F45B13F4894D007BA885 /* bg.png */,
				5618F45C13F4894D007BA885 /* bg2.png */,
				5618F45D13F4894D007BA885 /* cursor.png */,
				5618F45E13F4894D007BA885 /* font1.fnt */,
				5618F45F13F4894D007BA885 /* font1.png */,
				5618F46013F4894D007BA885 /* font2.fnt */,
				5618F46113F4894D007BA885 /* font2.png */,
				5618F46213F4894D007BA885 /* menu.wav */,
				5618F46313F4894D007BA885 /* objects.png */,
				5618F46413F4894D007BA885 /* particles.png */,
				5618F46513F4894D007BA885 /* texture.jpg */,
				5618F46613F4894D007BA885 /* trail.psi */,
				5618F46713F4894D007BA885 /* zazaka.png */,
			);
			name = Data;
			path = ../../Data;
			sourceTree = SOURCE_ROOT;
		};
/* End PBXGroup section */

/* Begin PBXNativeTarget section */
		8D1107260486CEB800E47090 /* tutorial07 */ = {
			isa = PBXNativeTarget;
			buildConfigurationList = C01FCF4A08A954540054247B /* Build configuration list for PBXNativeTarget "tutorial07" */;
			buildPhases = (
				8D1107290486CEB800E47090 /* Resources */,
				8D11072C0486CEB800E47090 /* Sources */,
				8D11072E0486CEB800E47090 /* Frameworks */,
				5624C29C11C03420001B9281 /* ShellScript */,
				56A58EE613FDAFC400C081BE /* CopyFiles */,
			);
			buildRules = (
			);
			dependencies = (
			);
			name = tutorial07;
			productInstallPath = "$(HOME)/Applications";
			productName = tutorial01;
			productReference = 8D1107320486CEB800E47090 /* tutorial01.app */;
			productType = "com.apple.product-type.application";
		};
/* End PBXNativeTarget section */

/* Begin PBXProject section */
		29B97313FDCFA39411CA2CEA /* Project object */ = {
			isa = PBXProject;
			buildConfigurationList = C01FCF4E08A954540054247B /* Build configuration list for PBXProject "tutorial07" */;
			compatibilityVersion = "Xcode 3.1";
			developmentRegion = English;
			hasScannedForEncodings = 1;
			knownRegions = (
				English,
				Japanese,
				French,
				German,
			);
			mainGroup = 29B97314FDCFA39411CA2CEA /* tutorial01 */;
			projectDirPath = "";
			projectRoot = "";
			targets = (
				8D1107260486CEB800E47090 /* tutorial07 */,
			);
		};
/* End PBXProject section */

/* Begin PBXResourcesBuildPhase section */
		8D1107290486CEB800E47090 /* Resources */ = {
			isa = PBXResourcesBuildPhase;
			buildActionMask = 2147483647;
			files = (
				8D11072B0486CEB800E47090 /* InfoPlist.strings in Resources */,
				5618F46813F4894D007BA885 /* bg.png in Resources */,
				5618F46913F4894D007BA885 /* bg2.png in Resources */,
				5618F46A13F4894D007BA885 /* cursor.png in Resources */,
				5618F46B13F4894D007BA885 /* font1.fnt in Resources */,
				5618F46C13F4894D007BA885 /* font1.png in Resources */,
				5618F46D13F4894D007BA885 /* font2.fnt in Resources */,
				5618F46E13F4894D007BA885 /* font2.png in Resources */,
				5618F46F13F4894D007BA885 /* menu.wav in Resources */,
				5618F47013F4894D007BA885 /* objects.png in Resources */,
				5618F47113F4894D007BA885 /* particles.png in Resources */,
				5618F47213F4894D007BA885 /* texture.jpg in Resources */,
				5618F47313F4894D007BA885 /* trail.psi in Resources */,
				5618F47413F4894D007BA885 /* zazaka.png in Resources */,
			);
			runOnlyForDeploymentPostprocessing = 0;
		};
/* End PBXResourcesBuildPhase section */

/* Begin PBXShellScriptBuildPhase section */
		5624C29C11C03420001B9281 /* ShellScript */ = {
			isa = PBXShellScriptBuildPhase;
			buildActionMask = 2147483647;
			files = (
			);
			inputPaths = (
			);
			outputPaths = (
			);
			runOnlyForDeploymentPostprocessing = 0;
			shellPath = /bin/sh;
			shellScript = "";
		};
/* End PBXShellScriptBuildPhase section */

/* Begin PBXSourcesBuildPhase section */
		8D11072C0486CEB800E47090 /* Sources */ = {
			isa = PBXSourcesBuildPhase;
			buildActionMask = 2147483647;
			files = (
				8D11072D0486CEB800E47090 /* main.mm in Sources */,
			);
			runOnlyForDeploymentPostprocessing = 0;
		};
/* End PBXSourcesBuildPhase section */

/* Begin PBXVariantGroup section */
		089C165CFE840E0CC02AAC07 /* InfoPlist.strings */ = {
			isa = PBXVariantGroup;
			children = (
				089C165DFE840E0CC02AAC07 /* English */,
			);
			name = InfoPlist.strings;
			sourceTree = "<group>";
		};
/* End PBXVariantGroup section */

/* Begin XCBuildConfiguration section */
		C01FCF4B08A954540054247B /* Debug */ = {
			isa = XCBuildConfiguration;
			buildSettings = {
				ALWAYS_SEARCH_USER_PATHS = NO;
				COPY_PHASE_STRIP = NO;
				GCC_DYNAMIC_NO_PIC = NO;
				GCC_ENABLE_FIX_AND_CONTINUE = YES;
				GCC_MODEL_TUNING = G5;
				GCC_OPTIMIZATION_LEVEL = 0;
				GCC_PRECOMPILE_PREFIX_HEADER = YES;
				GCC_PREFIX_HEADER = tutorial01_Prefix.pch;
				INFOPLIST_FILE = "tutorial01-Info.plist";
				INSTALL_PATH = "$(HOME)/Applications";
				LIBRARY_SEARCH_PATHS = (
					"$(inherited)",
					"\"$(SRCROOT)/../../../lib/OSX\"",
					"\"$(SRCROOT)/../../../../../hge181/lib/OSX\"",
				);
				PRODUCT_NAME = tutorial01;
			};
			name = Debug;
		};
		C01FCF4C08A954540054247B /* Release */ = {
			isa = XCBuildConfiguration;
			buildSettings = {
				ALWAYS_SEARCH_USER_PATHS = NO;
				DEBUG_INFORMATION_FORMAT = "dwarf-with-dsym";
				GCC_MODEL_TUNING = G5;
				GCC_PRECOMPILE_PREFIX_HEADER = YES;
				GCC_PREFIX_HEADER = tutorial01_Prefix.pch;
				INFOPLIST_FILE = "tutorial01-Info.plist";
				INSTALL_PATH = "$(HOME)/Applications";
				LIBRARY_SEARCH_PATHS = (
					"$(inherited)",
					"\"$(SRCROOT)/../../../lib/OSX\"",
					"\"$(SRCROOT)/../../../../../hge181/lib/OSX\"",
				);
				PRODUCT_NAME = tutorial01;
			};
			name = Release;
		};
		C01FCF4F08A954540054247B /* Debug */ = {
			isa = XCBuildConfiguration;
			buildSettings = {
				ARCHS = "$(ARCHS_STANDARD_32_BIT)";
				GCC_C_LANGUAGE_STANDARD = gnu99;
				GCC_OPTIMIZATION_LEVEL = 0;
				GCC_WARN_ABOUT_RETURN_TYPE = YES;
				GCC_WARN_UNUSED_VARIABLE = YES;
				ONLY_ACTIVE_ARCH = YES;
				PREBINDING = NO;
				SDKROOT = macosx10.6;
			};
			name = Debug;
		};
		C01FCF5008A954540054247B /* Release */ = {
			isa = XCBuildConfiguration;
			buildSettings = {
				ARCHS = "$(ARCHS_STANDARD_32_BIT)";
				GCC_C_LANGUAGE_STANDARD = gnu99;
				GCC_WARN_ABOUT_RETURN_TYPE = YES;
				GCC_WARN_UNUSED_VARIABLE = YES;
				PREBINDING = NO;
				SDKROOT = macosx10.6;
			};
			name = Release;
		};
/* End XCBuildConfiguration section */

/* Begin XCConfigurationList section */
		C01FCF4A08A954540054247B /* Build configuration list for PBXNativeTarget "tutorial07" */ = {
			isa = XCConfigurationList;
			buildConfigurations = (
				C01FCF4B08A954540054247B /* Debug */,
				C01FCF4C08A954540054247B /* Release */,
			);
			defaultConfigurationIsVisible = 0;
			defaultConfigurationName = Release;
		};
		C01FCF4E08A954540054247B /* Build configuration list for PBXProject "tutorial07" */ = {
			isa = XCConfigurationList;
			buildConfigurations = (
				C01FCF4F08A954540054247B /* Debug */,
				C01FCF5008A954540054247B /* Release */,
			);
			defaultConfigurationIsVisible = 0;
			defaultConfigurationName = Release;
		};
/* End XCConfigurationList section */
	};
	rootObject = 29B97313FDCFA39411CA2CEA /* Project object */;
}
