// !$*UTF8*$!
{
	archiveVersion = 1;
	classes = {
	};
	objectVersion = 45;
	objects = {

/* Begin PBXBuildFile section */
		5657F7C514498116004FC6EE /* platform.h in Sources */ = {isa = PBXBuildFile; fileRef = 56DE759D11C3D1FC005CDD2B /* platform.h */; };
		5657F7C614498116004FC6EE /* resources.cpp in Sources */ = {isa = PBXBuildFile; fileRef = 56FBE32211C3E47700469001 /* resources.cpp */; };
		5657F7C714498116004FC6EE /* parser.cpp in Sources */ = {isa = PBXBuildFile; fileRef = 56FBE31C11C3E45300469001 /* parser.cpp */; };
		5657F7C814498116004FC6EE /* hgevector.cpp in Sources */ = {isa = PBXBuildFile; fileRef = 56FBE31611C3E40700469001 /* hgevector.cpp */; };
		5657F7C914498116004FC6EE /* hgestrings.cpp in Sources */ = {isa = PBXBuildFile; fileRef = 56FBE30E11C3E3D400469001 /* hgestrings.cpp */; };
		5657F7CA14498116004FC6EE /* hgeresource.cpp in Sources */ = {isa = PBXBuildFile; fileRef = 56FBE28711C3E0A200469001 /* hgeresource.cpp */; };
		5657F7CB14498116004FC6EE /* hgepmanager.cpp in Sources */ = {isa = PBXBuildFile; fileRef = 56FBE27B11C3E06700469001 /* hgepmanager.cpp */; };
		5657F7CC14498116004FC6EE /* hgeguictrls.cpp in Sources */ = {isa = PBXBuildFile; fileRef = 56FBE26711C3DF6100469001 /* hgeguictrls.cpp */; };
		5657F7CD14498116004FC6EE /* hgegui.cpp in Sources */ = {isa = PBXBuildFile; fileRef = 56F6611511C3D64300B8EEDC /* hgegui.cpp */; };
		5657F7CE14498116004FC6EE /* hgedistort.cpp in Sources */ = {isa = PBXBuildFile; fileRef = 56F6610711C3D61800B8EEDC /* hgedistort.cpp */; };
		5657F7CF14498116004FC6EE /* hgecolor.cpp in Sources */ = {isa = PBXBuildFile; fileRef = 56F660F711C3D4CF00B8EEDC /* hgecolor.cpp */; };
		5657F7D014498116004FC6EE /* hgeanim.cpp in Sources */ = {isa = PBXBuildFile; fileRef = 56F660D911C3D47100B8EEDC /* hgeanim.cpp */; };
		5657F7D114498116004FC6EE /* hgefont.cpp in Sources */ = {isa = PBXBuildFile; fileRef = 56CB354111C3CAFA006CA885 /* hgefont.cpp */; };
		5657F7D214498116004FC6EE /* hgeparticle.cpp in Sources */ = {isa = PBXBuildFile; fileRef = 56CB354211C3CAFA006CA885 /* hgeparticle.cpp */; };
		5657F7D314498116004FC6EE /* hgesprite.cpp in Sources */ = {isa = PBXBuildFile; fileRef = 56CB34DF11C3C753006CA885 /* hgesprite.cpp */; };
		5657F7D414498116004FC6EE /* hgerect.cpp in Sources */ = {isa = PBXBuildFile; fileRef = 56CB34E111C3C75F006CA885 /* hgerect.cpp */; };
/* End PBXBuildFile section */

/* Begin PBXFileReference section */
		0867D69BFE84028FC02AAC07 /* Foundation.framework */ = {isa = PBXFileReference; lastKnownFileType = wrapper.framework; name = Foundation.framework; path = /System/Library/Frameworks/Foundation.framework; sourceTree = "<absolute>"; };
		0867D6A5FE840307C02AAC07 /* AppKit.framework */ = {isa = PBXFileReference; lastKnownFileType = wrapper.framework; name = AppKit.framework; path = /System/Library/Frameworks/AppKit.framework; sourceTree = "<absolute>"; };
		1058C7B1FEA5585E11CA2CBB /* Cocoa.framework */ = {isa = PBXFileReference; lastKnownFileType = wrapper.framework; name = Cocoa.framework; path = /System/Library/Frameworks/Cocoa.framework; sourceTree = "<absolute>"; };
		32DBCF5E0370ADEE00C91783 /* hgehelp_Prefix.pch */ = {isa = PBXFileReference; fileEncoding = 4; lastKnownFileType = sourcecode.c.h; path = hgehelp_Prefix.pch; sourceTree = "<group>"; };
		5657F7C1144980E4004FC6EE /* libhgehelp.a */ = {isa = PBXFileReference; explicitFileType = archive.ar; includeInIndex = 0; path = libhgehelp.a; sourceTree = BUILT_PRODUCTS_DIR; };
		56CB34DF11C3C753006CA885 /* hgesprite.cpp */ = {isa = PBXFileReference; fileEncoding = 4; lastKnownFileType = sourcecode.cpp.cpp; name = hgesprite.cpp; path = ../hgesprite.cpp; sourceTree = SOURCE_ROOT; };
		56CB34E111C3C75F006CA885 /* hgerect.cpp */ = {isa = PBXFileReference; fileEncoding = 4; lastKnownFileType = sourcecode.cpp.cpp; name = hgerect.cpp; path = ../hgerect.cpp; sourceTree = SOURCE_ROOT; };
		56CB354111C3CAFA006CA885 /* hgefont.cpp */ = {isa = PBXFileReference; fileEncoding = 4; lastKnownFileType = sourcecode.cpp.cpp; name = hgefont.cpp; path = ../hgefont.cpp; sourceTree = SOURCE_ROOT; };
		56CB354211C3CAFA006CA885 /* hgeparticle.cpp */ = {isa = PBXFileReference; fileEncoding = 4; lastKnownFileType = sourcecode.cpp.cpp; name = hgeparticle.cpp; path = ../hgeparticle.cpp; sourceTree = SOURCE_ROOT; };
		56DE759D11C3D1FC005CDD2B /* platform.h */ = {isa = PBXFileReference; fileEncoding = 4; lastKnownFileType = sourcecode.c.h; name = platform.h; path = ../platform.h; sourceTree = SOURCE_ROOT; };
		56F660D911C3D47100B8EEDC /* hgeanim.cpp */ = {isa = PBXFileReference; fileEncoding = 4; lastKnownFileType = sourcecode.cpp.cpp; name = hgeanim.cpp; path = ../hgeanim.cpp; sourceTree = SOURCE_ROOT; };
		56F660F711C3D4CF00B8EEDC /* hgecolor.cpp */ = {isa = PBXFileReference; fileEncoding = 4; lastKnownFileType = sourcecode.cpp.cpp; name = hgecolor.cpp; path = ../hgecolor.cpp; sourceTree = SOURCE_ROOT; };
		56F6610711C3D61800B8EEDC /* hgedistort.cpp */ = {isa = PBXFileReference; fileEncoding = 4; lastKnownFileType = sourcecode.cpp.cpp; name = hgedistort.cpp; path = ../hgedistort.cpp; sourceTree = SOURCE_ROOT; };
		56F6611511C3D64300B8EEDC /* hgegui.cpp */ = {isa = PBXFileReference; fileEncoding = 4; lastKnownFileType = sourcecode.cpp.cpp; name = hgegui.cpp; path = ../hgegui.cpp; sourceTree = SOURCE_ROOT; };
		56FBE26711C3DF6100469001 /* hgeguictrls.cpp */ = {isa = PBXFileReference; fileEncoding = 4; lastKnownFileType = sourcecode.cpp.cpp; name = hgeguictrls.cpp; path = ../hgeguictrls.cpp; sourceTree = SOURCE_ROOT; };
		56FBE27B11C3E06700469001 /* hgepmanager.cpp */ = {isa = PBXFileReference; fileEncoding = 4; lastKnownFileType = sourcecode.cpp.cpp; name = hgepmanager.cpp; path = ../hgepmanager.cpp; sourceTree = SOURCE_ROOT; };
		56FBE28711C3E0A200469001 /* hgeresource.cpp */ = {isa = PBXFileReference; fileEncoding = 4; lastKnownFileType = sourcecode.cpp.cpp; name = hgeresource.cpp; path = ../hgeresource.cpp; sourceTree = SOURCE_ROOT; };
		56FBE30E11C3E3D400469001 /* hgestrings.cpp */ = {isa = PBXFileReference; fileEncoding = 4; lastKnownFileType = sourcecode.cpp.cpp; name = hgestrings.cpp; path = ../hgestrings.cpp; sourceTree = SOURCE_ROOT; };
		56FBE31611C3E40700469001 /* hgevector.cpp */ = {isa = PBXFileReference; fileEncoding = 4; lastKnownFileType = sourcecode.cpp.cpp; name = hgevector.cpp; path = ../hgevector.cpp; sourceTree = SOURCE_ROOT; };
		56FBE31C11C3E45300469001 /* parser.cpp */ = {isa = PBXFileReference; fileEncoding = 4; lastKnownFileType = sourcecode.cpp.cpp; name = parser.cpp; path = ../parser.cpp; sourceTree = SOURCE_ROOT; };
		56FBE32211C3E47700469001 /* resources.cpp */ = {isa = PBXFileReference; fileEncoding = 4; lastKnownFileType = sourcecode.cpp.cpp; name = resources.cpp; path = ../resources.cpp; sourceTree = SOURCE_ROOT; };
		D2F7E8BE07B2D77200F64583 /* CoreData.framework */ = {isa = PBXFileReference; lastKnownFileType = wrapper.framework; name = CoreData.framework; path = /System/Library/Frameworks/CoreData.framework; sourceTree = "<absolute>"; };
/* End PBXFileReference section */

/* Begin PBXFrameworksBuildPhase section */
		5657F7BF144980E4004FC6EE /* Frameworks */ = {
			isa = PBXFrameworksBuildPhase;
			buildActionMask = 2147483647;
			files = (
			);
			runOnlyForDeploymentPostprocessing = 0;
		};
/* End PBXFrameworksBuildPhase section */

/* Begin PBXGroup section */
		034768DFFF38A50411DB9C8B /* Products */ = {
			isa = PBXGroup;
			children = (
				5657F7C1144980E4004FC6EE /* libhgehelp.a */,
			);
			name = Products;
			sourceTree = "<group>";
		};
		0867D691FE84028FC02AAC07 /* hgehelp */ = {
			isa = PBXGroup;
			children = (
				08FB77AEFE84172EC02AAC07 /* Classes */,
				32C88DFF0371C24200C91783 /* Other Sources */,
				0867D69AFE84028FC02AAC07 /* External Frameworks and Libraries */,
				034768DFFF38A50411DB9C8B /* Products */,
			);
			name = hgehelp;
			sourceTree = "<group>";
		};
		0867D69AFE84028FC02AAC07 /* External Frameworks and Libraries */ = {
			isa = PBXGroup;
			children = (
				1058C7B0FEA5585E11CA2CBB /* Linked Frameworks */,
				1058C7B2FEA5585E11CA2CBB /* Other Frameworks */,
			);
			name = "External Frameworks and Libraries";
			sourceTree = "<group>";
		};
		08FB77AEFE84172EC02AAC07 /* Classes */ = {
			isa = PBXGroup;
			children = (
				56DE759D11C3D1FC005CDD2B /* platform.h */,
				56FBE32211C3E47700469001 /* resources.cpp */,
				56FBE31C11C3E45300469001 /* parser.cpp */,
				56FBE31611C3E40700469001 /* hgevector.cpp */,
				56FBE30E11C3E3D400469001 /* hgestrings.cpp */,
				56FBE28711C3E0A200469001 /* hgeresource.cpp */,
				56FBE27B11C3E06700469001 /* hgepmanager.cpp */,
				56FBE26711C3DF6100469001 /* hgeguictrls.cpp */,
				56F6611511C3D64300B8EEDC /* hgegui.cpp */,
				56F6610711C3D61800B8EEDC /* hgedistort.cpp */,
				56F660F711C3D4CF00B8EEDC /* hgecolor.cpp */,
				56F660D911C3D47100B8EEDC /* hgeanim.cpp */,
				56CB354111C3CAFA006CA885 /* hgefont.cpp */,
				56CB354211C3CAFA006CA885 /* hgeparticle.cpp */,
				56CB34DF11C3C753006CA885 /* hgesprite.cpp */,
				56CB34E111C3C75F006CA885 /* hgerect.cpp */,
			);
			name = Classes;
			sourceTree = "<group>";
		};
		1058C7B0FEA5585E11CA2CBB /* Linked Frameworks */ = {
			isa = PBXGroup;
			children = (
				1058C7B1FEA5585E11CA2CBB /* Cocoa.framework */,
			);
			name = "Linked Frameworks";
			sourceTree = "<group>";
		};
		1058C7B2FEA5585E11CA2CBB /* Other Frameworks */ = {
			isa = PBXGroup;
			children = (
				0867D6A5FE840307C02AAC07 /* AppKit.framework */,
				D2F7E8BE07B2D77200F64583 /* CoreData.framework */,
				0867D69BFE84028FC02AAC07 /* Foundation.framework */,
			);
			name = "Other Frameworks";
			sourceTree = "<group>";
		};
		32C88DFF0371C24200C91783 /* Other Sources */ = {
			isa = PBXGroup;
			children = (
				32DBCF5E0370ADEE00C91783 /* hgehelp_Prefix.pch */,
			);
			name = "Other Sources";
			sourceTree = "<group>";
		};
/* End PBXGroup section */

/* Begin PBXHeadersBuildPhase section */
		5657F7BD144980E4004FC6EE /* Headers */ = {
			isa = PBXHeadersBuildPhase;
			buildActionMask = 2147483647;
			files = (
			);
			runOnlyForDeploymentPostprocessing = 0;
		};
/* End PBXHeadersBuildPhase section */

/* Begin PBXNativeTarget section */
		5657F7C0144980E4004FC6EE /* hgehelp */ = {
			isa = PBXNativeTarget;
			buildConfigurationList = 5657F7C414498103004FC6EE /* Build configuration list for PBXNativeTarget "hgehelp" */;
			buildPhases = (
				5657F7BD144980E4004FC6EE /* Headers */,
				5657F7BE144980E4004FC6EE /* Sources */,
				5657F7BF144980E4004FC6EE /* Frameworks */,
				56EAED3F144CC2050072C5C9 /* ShellScript */,
			);
			buildRules = (
			);
			dependencies = (
			);
			name = hgehelp;
			productName = hgehelp;
			productReference = 5657F7C1144980E4004FC6EE /* libhgehelp.a */;
			productType = "com.apple.product-type.library.static";
		};
/* End PBXNativeTarget section */

/* Begin PBXProject section */
		0867D690FE84028FC02AAC07 /* Project object */ = {
			isa = PBXProject;
			buildConfigurationList = 1DEB922208733DC00010E9CD /* Build configuration list for PBXProject "hgehelp-ios" */;
			compatibilityVersion = "Xcode 3.1";
			developmentRegion = English;
			hasScannedForEncodings = 1;
			knownRegions = (
				English,
				Japanese,
				French,
				German,
			);
			mainGroup = 0867D691FE84028FC02AAC07 /* hgehelp */;
			productRefGroup = 034768DFFF38A50411DB9C8B /* Products */;
			projectDirPath = "";
			projectRoot = "";
			targets = (
				5657F7C0144980E4004FC6EE /* hgehelp */,
			);
		};
/* End PBXProject section */

/* Begin PBXShellScriptBuildPhase section */
		56EAED3F144CC2050072C5C9 /* ShellScript */ = {
			isa = PBXShellScriptBuildPhase;
			buildActionMask = 2147483647;
			files = (
			);
			inputPaths = (
			);
			outputPaths = (
			);
			runOnlyForDeploymentPostprocessing = 0;
			shellPath = /bin/sh;
			shellScript = "cp \"${BUILT_PRODUCTS_DIR}/lib${TARGET_NAME}.a\" \"${SRCROOT}/../../../lib/iOS\"";
		};
/* End PBXShellScriptBuildPhase section */

/* Begin PBXSourcesBuildPhase section */
		5657F7BE144980E4004FC6EE /* Sources */ = {
			isa = PBXSourcesBuildPhase;
			buildActionMask = 2147483647;
			files = (
				5657F7C514498116004FC6EE /* platform.h in Sources */,
				5657F7C614498116004FC6EE /* resources.cpp in Sources */,
				5657F7C714498116004FC6EE /* parser.cpp in Sources */,
				5657F7C814498116004FC6EE /* hgevector.cpp in Sources */,
				5657F7C914498116004FC6EE /* hgestrings.cpp in Sources */,
				5657F7CA14498116004FC6EE /* hgeresource.cpp in Sources */,
				5657F7CB14498116004FC6EE /* hgepmanager.cpp in Sources */,
				5657F7CC14498116004FC6EE /* hgeguictrls.cpp in Sources */,
				5657F7CD14498116004FC6EE /* hgegui.cpp in Sources */,
				5657F7CE14498116004FC6EE /* hgedistort.cpp in Sources */,
				5657F7CF14498116004FC6EE /* hgecolor.cpp in Sources */,
				5657F7D014498116004FC6EE /* hgeanim.cpp in Sources */,
				5657F7D114498116004FC6EE /* hgefont.cpp in Sources */,
				5657F7D214498116004FC6EE /* hgeparticle.cpp in Sources */,
				5657F7D314498116004FC6EE /* hgesprite.cpp in Sources */,
				5657F7D414498116004FC6EE /* hgerect.cpp in Sources */,
			);
			runOnlyForDeploymentPostprocessing = 0;
		};
/* End PBXSourcesBuildPhase section */

/* Begin XCBuildConfiguration section */
		1DEB922308733DC00010E9CD /* Debug */ = {
			isa = XCBuildConfiguration;
			buildSettings = {
				ARCHS = "$(ARCHS_STANDARD_32_64_BIT)";
				GCC_C_LANGUAGE_STANDARD = gnu99;
				GCC_OPTIMIZATION_LEVEL = 0;
				GCC_THUMB_SUPPORT = NO;
				GCC_WARN_ABOUT_RETURN_TYPE = YES;
				GCC_WARN_UNUSED_VARIABLE = YES;
				ONLY_ACTIVE_ARCH = YES;
				PREBINDING = NO;
				SDKROOT = macosx10.5;
			};
			name = Debug;
		};
		1DEB922408733DC00010E9CD /* Release */ = {
			isa = XCBuildConfiguration;
			buildSettings = {
				ARCHS = "$(ARCHS_STANDARD_32_BIT)";
				GCC_C_LANGUAGE_STANDARD = gnu99;
				GCC_THUMB_SUPPORT = NO;
				GCC_VERSION = 4.2;
				GCC_WARN_ABOUT_RETURN_TYPE = YES;
				GCC_WARN_UNUSED_VARIABLE = YES;
				PREBINDING = NO;
				SDKROOT = iphoneos;
				TARGETED_DEVICE_FAMILY = "1,2";
			};
			name = Release;
		};
		5657F7C2144980E5004FC6EE /* Debug */ = {
			isa = XCBuildConfiguration;
			buildSettings = {
				ALWAYS_SEARCH_USER_PATHS = NO;
				ARCHS = "$(ARCHS_STANDARD_32_BIT)";
				COPY_PHASE_STRIP = NO;
				GCC_DYNAMIC_NO_PIC = NO;
				GCC_OPTIMIZATION_LEVEL = 0;
				PREBINDING = NO;
				PRODUCT_NAME = hgehelp;
				SDKROOT = iphoneos;
			};
			name = Debug;
		};
		5657F7C3144980E5004FC6EE /* Release */ = {
			isa = XCBuildConfiguration;
			buildSettings = {
				ALWAYS_SEARCH_USER_PATHS = NO;
				COPY_PHASE_STRIP = YES;
				DEBUG_INFORMATION_FORMAT = "dwarf-with-dsym";
				GCC_ENABLE_FIX_AND_CONTINUE = NO;
				PREBINDING = NO;
				PRODUCT_NAME = hgehelp;
				SDKROOT = iphoneos;
				ZERO_LINK = NO;
			};
			name = Release;
		};
/* End XCBuildConfiguration section */

/* Begin XCConfigurationList section */
		1DEB922208733DC00010E9CD /* Build configuration list for PBXProject "hgehelp-ios" */ = {
			isa = XCConfigurationList;
			buildConfigurations = (
				1DEB922308733DC00010E9CD /* Debug */,
				1DEB922408733DC00010E9CD /* Release */,
			);
			defaultConfigurationIsVisible = 0;
			defaultConfigurationName = Release;
		};
		5657F7C414498103004FC6EE /* Build configuration list for PBXNativeTarget "hgehelp" */ = {
			isa = XCConfigurationList;
			buildConfigurations = (
				5657F7C2144980E5004FC6EE /* Debug */,
				5657F7C3144980E5004FC6EE /* Release */,
			);
			defaultConfigurationIsVisible = 0;
			defaultConfigurationName = Release;
		};
/* End XCConfigurationList section */
	};
	rootObject = 0867D690FE84028FC02AAC07 /* Project object */;
}
